// !$*UTF8*$!
{
	archiveVersion = 1;
	classes = {
	};
	objectVersion = 50;
	objects = {

/* Begin PBXBuildFile section */
		EC1C84B3259CBB69005FB546 /* AppDelegate.swift in Sources */ = {isa = PBXBuildFile; fileRef = EC1C84B2259CBB69005FB546 /* AppDelegate.swift */; };
		EC1C84B5259CBB69005FB546 /* SceneDelegate.swift in Sources */ = {isa = PBXBuildFile; fileRef = EC1C84B4259CBB69005FB546 /* SceneDelegate.swift */; };
		EC1C84BD259CBB69005FB546 /* bigDemo.xcdatamodeld in Sources */ = {isa = PBXBuildFile; fileRef = EC1C84BB259CBB69005FB546 /* bigDemo.xcdatamodeld */; };
		EC1C84BF259CBB6A005FB546 /* Assets.xcassets in Resources */ = {isa = PBXBuildFile; fileRef = EC1C84BE259CBB6A005FB546 /* Assets.xcassets */; };
		EC1C84C2259CBB6A005FB546 /* LaunchScreen.storyboard in Resources */ = {isa = PBXBuildFile; fileRef = EC1C84C0259CBB6A005FB546 /* LaunchScreen.storyboard */; };
		EC24E021259D25AC0007E1F9 /* Main.storyboard in Resources */ = {isa = PBXBuildFile; fileRef = EC1C84B8259CBB69005FB546 /* Main.storyboard */; };
		EC24E02C259D76030007E1F9 /* DatabaseHelper.swift in Sources */ = {isa = PBXBuildFile; fileRef = EC24E02B259D76030007E1F9 /* DatabaseHelper.swift */; };
		EC647CDC259CFCF2003CC1F0 /* HomeViewController.swift in Sources */ = {isa = PBXBuildFile; fileRef = EC647CDB259CFCF2003CC1F0 /* HomeViewController.swift */; };
		EC647CDF259CFEE8003CC1F0 /* SelectedNoteViewController.swift in Sources */ = {isa = PBXBuildFile; fileRef = EC647CDE259CFEE8003CC1F0 /* SelectedNoteViewController.swift */; };
		EC647CE3259D04C4003CC1F0 /* NoteTableViewCell.swift in Sources */ = {isa = PBXBuildFile; fileRef = EC647CE2259D04C4003CC1F0 /* NoteTableViewCell.swift */; };
/* End PBXBuildFile section */

/* Begin PBXFileReference section */
		EC1C84AF259CBB69005FB546 /* bigDemo.app */ = {isa = PBXFileReference; explicitFileType = wrapper.application; includeInIndex = 0; path = bigDemo.app; sourceTree = BUILT_PRODUCTS_DIR; };
		EC1C84B2259CBB69005FB546 /* AppDelegate.swift */ = {isa = PBXFileReference; lastKnownFileType = sourcecode.swift; path = AppDelegate.swift; sourceTree = "<group>"; };
		EC1C84B4259CBB69005FB546 /* SceneDelegate.swift */ = {isa = PBXFileReference; lastKnownFileType = sourcecode.swift; path = SceneDelegate.swift; sourceTree = "<group>"; };
		EC1C84B9259CBB69005FB546 /* Base */ = {isa = PBXFileReference; lastKnownFileType = file.storyboard; name = Base; path = Base.lproj/Main.storyboard; sourceTree = "<group>"; };
		EC1C84BC259CBB69005FB546 /* bigDemo.xcdatamodel */ = {isa = PBXFileReference; lastKnownFileType = wrapper.xcdatamodel; path = bigDemo.xcdatamodel; sourceTree = "<group>"; };
		EC1C84BE259CBB6A005FB546 /* Assets.xcassets */ = {isa = PBXFileReference; lastKnownFileType = folder.assetcatalog; path = Assets.xcassets; sourceTree = "<group>"; };
		EC1C84C1259CBB6A005FB546 /* Base */ = {isa = PBXFileReference; lastKnownFileType = file.storyboard; name = Base; path = Base.lproj/LaunchScreen.storyboard; sourceTree = "<group>"; };
		EC1C84C3259CBB6A005FB546 /* Info.plist */ = {isa = PBXFileReference; lastKnownFileType = text.plist.xml; path = Info.plist; sourceTree = "<group>"; };
		EC24E02B259D76030007E1F9 /* DatabaseHelper.swift */ = {isa = PBXFileReference; lastKnownFileType = sourcecode.swift; name = DatabaseHelper.swift; path = Extras/DatabaseHelper.swift; sourceTree = "<group>"; };
		EC647CDB259CFCF2003CC1F0 /* HomeViewController.swift */ = {isa = PBXFileReference; lastKnownFileType = sourcecode.swift; path = HomeViewController.swift; sourceTree = "<group>"; };
		EC647CDE259CFEE8003CC1F0 /* SelectedNoteViewController.swift */ = {isa = PBXFileReference; lastKnownFileType = sourcecode.swift; path = SelectedNoteViewController.swift; sourceTree = SOURCE_ROOT; };
		EC647CE2259D04C4003CC1F0 /* NoteTableViewCell.swift */ = {isa = PBXFileReference; lastKnownFileType = sourcecode.swift; name = NoteTableViewCell.swift; path = Storyboards/NoteTableViewCell.swift; sourceTree = "<group>"; };
/* End PBXFileReference section */

/* Begin PBXFrameworksBuildPhase section */
		EC1C84AC259CBB69005FB546 /* Frameworks */ = {
			isa = PBXFrameworksBuildPhase;
			buildActionMask = 2147483647;
			files = (
			);
			runOnlyForDeploymentPostprocessing = 0;
		};
/* End PBXFrameworksBuildPhase section */

/* Begin PBXGroup section */
		EC1C84A6259CBB69005FB546 = {
			isa = PBXGroup;
			children = (
				EC1C84B1259CBB69005FB546 /* bigDemo */,
				EC1C84B0259CBB69005FB546 /* Products */,
			);
			sourceTree = "<group>";
		};
		EC1C84B0259CBB69005FB546 /* Products */ = {
			isa = PBXGroup;
			children = (
				EC1C84AF259CBB69005FB546 /* bigDemo.app */,
			);
			name = Products;
			sourceTree = "<group>";
		};
		EC1C84B1259CBB69005FB546 /* bigDemo */ = {
			isa = PBXGroup;
			children = (
				EC24E02B259D76030007E1F9 /* DatabaseHelper.swift */,
				EC647CDB259CFCF2003CC1F0 /* HomeViewController.swift */,
				EC647CE2259D04C4003CC1F0 /* NoteTableViewCell.swift */,
				EC647CDE259CFEE8003CC1F0 /* SelectedNoteViewController.swift */,
				EC1C84CB259CBBE8005FB546 /* Storyboards */,
				EC1C84CA259CBB9D005FB546 /* Graphics */,
				EC1C84D1259CF952005FB546 /* Extras */,
				EC1C84D0259CF92C005FB546 /* CoreData */,
				EC1C84C3259CBB6A005FB546 /* Info.plist */,
			);
			path = bigDemo;
			sourceTree = "<group>";
		};
		EC1C84CA259CBB9D005FB546 /* Graphics */ = {
			isa = PBXGroup;
			children = (
				EC1C84BE259CBB6A005FB546 /* Assets.xcassets */,
			);
			path = Graphics;
			sourceTree = "<group>";
		};
		EC1C84CB259CBBE8005FB546 /* Storyboards */ = {
			isa = PBXGroup;
			children = (
				EC1C84B8259CBB69005FB546 /* Main.storyboard */,
				EC1C84C0259CBB6A005FB546 /* LaunchScreen.storyboard */,
			);
			path = Storyboards;
			sourceTree = "<group>";
		};
		EC1C84D0259CF92C005FB546 /* CoreData */ = {
			isa = PBXGroup;
			children = (
				EC1C84BB259CBB69005FB546 /* bigDemo.xcdatamodeld */,
			);
			path = CoreData;
			sourceTree = "<group>";
		};
		EC1C84D1259CF952005FB546 /* Extras */ = {
			isa = PBXGroup;
			children = (
				EC1C84B2259CBB69005FB546 /* AppDelegate.swift */,
				EC1C84B4259CBB69005FB546 /* SceneDelegate.swift */,
			);
			path = Extras;
			sourceTree = "<group>";
		};
/* End PBXGroup section */

/* Begin PBXNativeTarget section */
		EC1C84AE259CBB69005FB546 /* bigDemo */ = {
			isa = PBXNativeTarget;
			buildConfigurationList = EC1C84C6259CBB6A005FB546 /* Build configuration list for PBXNativeTarget "bigDemo" */;
			buildPhases = (
				EC1C84AB259CBB69005FB546 /* Sources */,
				EC1C84AC259CBB69005FB546 /* Frameworks */,
				EC1C84AD259CBB69005FB546 /* Resources */,
			);
			buildRules = (
			);
			dependencies = (
			);
			name = bigDemo;
			productName = bigDemo;
			productReference = EC1C84AF259CBB69005FB546 /* bigDemo.app */;
			productType = "com.apple.product-type.application";
		};
/* End PBXNativeTarget section */

/* Begin PBXProject section */
		EC1C84A7259CBB69005FB546 /* Project object */ = {
			isa = PBXProject;
			attributes = {
				LastSwiftUpdateCheck = 1230;
				LastUpgradeCheck = 1230;
				TargetAttributes = {
					EC1C84AE259CBB69005FB546 = {
						CreatedOnToolsVersion = 12.3;
					};
				};
			};
			buildConfigurationList = EC1C84AA259CBB69005FB546 /* Build configuration list for PBXProject "bigDemo" */;
			compatibilityVersion = "Xcode 9.3";
			developmentRegion = en;
			hasScannedForEncodings = 0;
			knownRegions = (
				en,
				Base,
			);
			mainGroup = EC1C84A6259CBB69005FB546;
			productRefGroup = EC1C84B0259CBB69005FB546 /* Products */;
			projectDirPath = "";
			projectRoot = "";
			targets = (
				EC1C84AE259CBB69005FB546 /* bigDemo */,
			);
		};
/* End PBXProject section */

/* Begin PBXResourcesBuildPhase section */
		EC1C84AD259CBB69005FB546 /* Resources */ = {
			isa = PBXResourcesBuildPhase;
			buildActionMask = 2147483647;
			files = (
				EC24E021259D25AC0007E1F9 /* Main.storyboard in Resources */,
				EC1C84C2259CBB6A005FB546 /* LaunchScreen.storyboard in Resources */,
				EC1C84BF259CBB6A005FB546 /* Assets.xcassets in Resources */,
			);
			runOnlyForDeploymentPostprocessing = 0;
		};
/* End PBXResourcesBuildPhase section */

/* Begin PBXSourcesBuildPhase section */
		EC1C84AB259CBB69005FB546 /* Sources */ = {
			isa = PBXSourcesBuildPhase;
			buildActionMask = 2147483647;
			files = (
				EC1C84B3259CBB69005FB546 /* AppDelegate.swift in Sources */,
				EC647CDF259CFEE8003CC1F0 /* SelectedNoteViewController.swift in Sources */,
				EC24E02C259D76030007E1F9 /* DatabaseHelper.swift in Sources */,
				EC1C84B5259CBB69005FB546 /* SceneDelegate.swift in Sources */,
				EC1C84BD259CBB69005FB546 /* bigDemo.xcdatamodeld in Sources */,
				EC647CDC259CFCF2003CC1F0 /* HomeViewController.swift in Sources */,
				EC647CE3259D04C4003CC1F0 /* NoteTableViewCell.swift in Sources */,
			);
			runOnlyForDeploymentPostprocessing = 0;
		};
/* End PBXSourcesBuildPhase section */

/* Begin PBXVariantGroup section */
		EC1C84B8259CBB69005FB546 /* Main.storyboard */ = {
			isa = PBXVariantGroup;
			children = (
				EC1C84B9259CBB69005FB546 /* Base */,
			);
			name = Main.storyboard;
			sourceTree = "<group>";
		};
		EC1C84C0259CBB6A005FB546 /* LaunchScreen.storyboard */ = {
			isa = PBXVariantGroup;
			children = (
				EC1C84C1259CBB6A005FB546 /* Base */,
			);
			name = LaunchScreen.storyboard;
			sourceTree = "<group>";
		};
/* End PBXVariantGroup section */

/* Begin XCBuildConfiguration section */
		EC1C84C4259CBB6A005FB546 /* Debug */ = {
			isa = XCBuildConfiguration;
			buildSettings = {
				ALWAYS_SEARCH_USER_PATHS = NO;
				CLANG_ANALYZER_NONNULL = YES;
				CLANG_ANALYZER_NUMBER_OBJECT_CONVERSION = YES_AGGRESSIVE;
				CLANG_CXX_LANGUAGE_STANDARD = "gnu++14";
				CLANG_CXX_LIBRARY = "libc++";
				CLANG_ENABLE_MODULES = YES;
				CLANG_ENABLE_OBJC_ARC = YES;
				CLANG_ENABLE_OBJC_WEAK = YES;
				CLANG_WARN_BLOCK_CAPTURE_AUTORELEASING = YES;
				CLANG_WARN_BOOL_CONVERSION = YES;
				CLANG_WARN_COMMA = YES;
				CLANG_WARN_CONSTANT_CONVERSION = YES;
				CLANG_WARN_DEPRECATED_OBJC_IMPLEMENTATIONS = YES;
				CLANG_WARN_DIRECT_OBJC_ISA_USAGE = YES_ERROR;
				CLANG_WARN_DOCUMENTATION_COMMENTS = YES;
				CLANG_WARN_EMPTY_BODY = YES;
				CLANG_WARN_ENUM_CONVERSION = YES;
				CLANG_WARN_INFINITE_RECURSION = YES;
				CLANG_WARN_INT_CONVERSION = YES;
				CLANG_WARN_NON_LITERAL_NULL_CONVERSION = YES;
				CLANG_WARN_OBJC_IMPLICIT_RETAIN_SELF = YES;
				CLANG_WARN_OBJC_LITERAL_CONVERSION = YES;
				CLANG_WARN_OBJC_ROOT_CLASS = YES_ERROR;
				CLANG_WARN_QUOTED_INCLUDE_IN_FRAMEWORK_HEADER = YES;
				CLANG_WARN_RANGE_LOOP_ANALYSIS = YES;
				CLANG_WARN_STRICT_PROTOTYPES = YES;
				CLANG_WARN_SUSPICIOUS_MOVE = YES;
				CLANG_WARN_UNGUARDED_AVAILABILITY = YES_AGGRESSIVE;
				CLANG_WARN_UNREACHABLE_CODE = YES;
				CLANG_WARN__DUPLICATE_METHOD_MATCH = YES;
				COPY_PHASE_STRIP = NO;
				DEBUG_INFORMATION_FORMAT = dwarf;
				ENABLE_STRICT_OBJC_MSGSEND = YES;
				ENABLE_TESTABILITY = YES;
				GCC_C_LANGUAGE_STANDARD = gnu11;
				GCC_DYNAMIC_NO_PIC = NO;
				GCC_NO_COMMON_BLOCKS = YES;
				GCC_OPTIMIZATION_LEVEL = 0;
				GCC_PREPROCESSOR_DEFINITIONS = (
					"DEBUG=1",
					"$(inherited)",
				);
				GCC_WARN_64_TO_32_BIT_CONVERSION = YES;
				GCC_WARN_ABOUT_RETURN_TYPE = YES_ERROR;
				GCC_WARN_UNDECLARED_SELECTOR = YES;
				GCC_WARN_UNINITIALIZED_AUTOS = YES_AGGRESSIVE;
				GCC_WARN_UNUSED_FUNCTION = YES;
				GCC_WARN_UNUSED_VARIABLE = YES;
				IPHONEOS_DEPLOYMENT_TARGET = 14.3;
				MTL_ENABLE_DEBUG_INFO = INCLUDE_SOURCE;
				MTL_FAST_MATH = YES;
				ONLY_ACTIVE_ARCH = YES;
				SDKROOT = iphoneos;
				SWIFT_ACTIVE_COMPILATION_CONDITIONS = DEBUG;
				SWIFT_OPTIMIZATION_LEVEL = "-Onone";
			};
			name = Debug;
		};
		EC1C84C5259CBB6A005FB546 /* Release */ = {
			isa = XCBuildConfiguration;
			buildSettings = {
				ALWAYS_SEARCH_USER_PATHS = NO;
				CLANG_ANALYZER_NONNULL = YES;
				CLANG_ANALYZER_NUMBER_OBJECT_CONVERSION = YES_AGGRESSIVE;
				CLANG_CXX_LANGUAGE_STANDARD = "gnu++14";
				CLANG_CXX_LIBRARY = "libc++";
				CLANG_ENABLE_MODULES = YES;
				CLANG_ENABLE_OBJC_ARC = YES;
				CLANG_ENABLE_OBJC_WEAK = YES;
				CLANG_WARN_BLOCK_CAPTURE_AUTORELEASING = YES;
				CLANG_WARN_BOOL_CONVERSION = YES;
				CLANG_WARN_COMMA = YES;
				CLANG_WARN_CONSTANT_CONVERSION = YES;
				CLANG_WARN_DEPRECATED_OBJC_IMPLEMENTATIONS = YES;
				CLANG_WARN_DIRECT_OBJC_ISA_USAGE = YES_ERROR;
				CLANG_WARN_DOCUMENTATION_COMMENTS = YES;
				CLANG_WARN_EMPTY_BODY = YES;
				CLANG_WARN_ENUM_CONVERSION = YES;
				CLANG_WARN_INFINITE_RECURSION = YES;
				CLANG_WARN_INT_CONVERSION = YES;
				CLANG_WARN_NON_LITERAL_NULL_CONVERSION = YES;
				CLANG_WARN_OBJC_IMPLICIT_RETAIN_SELF = YES;
				CLANG_WARN_OBJC_LITERAL_CONVERSION = YES;
				CLANG_WARN_OBJC_ROOT_CLASS = YES_ERROR;
				CLANG_WARN_QUOTED_INCLUDE_IN_FRAMEWORK_HEADER = YES;
				CLANG_WARN_RANGE_LOOP_ANALYSIS = YES;
				CLANG_WARN_STRICT_PROTOTYPES = YES;
				CLANG_WARN_SUSPICIOUS_MOVE = YES;
				CLANG_WARN_UNGUARDED_AVAILABILITY = YES_AGGRESSIVE;
				CLANG_WARN_UNREACHABLE_CODE = YES;
				CLANG_WARN__DUPLICATE_METHOD_MATCH = YES;
				COPY_PHASE_STRIP = NO;
				DEBUG_INFORMATION_FORMAT = "dwarf-with-dsym";
				ENABLE_NS_ASSERTIONS = NO;
				ENABLE_STRICT_OBJC_MSGSEND = YES;
				GCC_C_LANGUAGE_STANDARD = gnu11;
				GCC_NO_COMMON_BLOCKS = YES;
				GCC_WARN_64_TO_32_BIT_CONVERSION = YES;
				GCC_WARN_ABOUT_RETURN_TYPE = YES_ERROR;
				GCC_WARN_UNDECLARED_SELECTOR = YES;
				GCC_WARN_UNINITIALIZED_AUTOS = YES_AGGRESSIVE;
				GCC_WARN_UNUSED_FUNCTION = YES;
				GCC_WARN_UNUSED_VARIABLE = YES;
				IPHONEOS_DEPLOYMENT_TARGET = 14.3;
				MTL_ENABLE_DEBUG_INFO = NO;
				MTL_FAST_MATH = YES;
				SDKROOT = iphoneos;
				SWIFT_COMPILATION_MODE = wholemodule;
				SWIFT_OPTIMIZATION_LEVEL = "-O";
				VALIDATE_PRODUCT = YES;
			};
			name = Release;
		};
		EC1C84C7259CBB6A005FB546 /* Debug */ = {
			isa = XCBuildConfiguration;
			buildSettings = {
				ASSETCATALOG_COMPILER_APPICON_NAME = AppIcon;
				ASSETCATALOG_COMPILER_GLOBAL_ACCENT_COLOR_NAME = AccentColor;
				CODE_SIGN_STYLE = Automatic;
				DEVELOPMENT_TEAM = DQ7KAUCXJV;
				INFOPLIST_FILE = bigDemo/Info.plist;
				LD_RUNPATH_SEARCH_PATHS = (
					"$(inherited)",
					"@executable_path/Frameworks",
				);
				PRODUCT_BUNDLE_IDENTIFIER = Acacia.bigDemo;
				PRODUCT_NAME = "$(TARGET_NAME)";
				SWIFT_VERSION = 5.0;
				TARGETED_DEVICE_FAMILY = "1,2";
			};
			name = Debug;
		};
		EC1C84C8259CBB6A005FB546 /* Release */ = {
			isa = XCBuildConfiguration;
			buildSettings = {
				ASSETCATALOG_COMPILER_APPICON_NAME = AppIcon;
				ASSETCATALOG_COMPILER_GLOBAL_ACCENT_COLOR_NAME = AccentColor;
				CODE_SIGN_STYLE = Automatic;
				DEVELOPMENT_TEAM = DQ7KAUCXJV;
				INFOPLIST_FILE = bigDemo/Info.plist;
				LD_RUNPATH_SEARCH_PATHS = (
					"$(inherited)",
					"@executable_path/Frameworks",
				);
				PRODUCT_BUNDLE_IDENTIFIER = Acacia.bigDemo;
				PRODUCT_NAME = "$(TARGET_NAME)";
				SWIFT_VERSION = 5.0;
				TARGETED_DEVICE_FAMILY = "1,2";
			};
			name = Release;
		};
/* End XCBuildConfiguration section */

/* Begin XCConfigurationList section */
		EC1C84AA259CBB69005FB546 /* Build configuration list for PBXProject "bigDemo" */ = {
			isa = XCConfigurationList;
			buildConfigurations = (
				EC1C84C4259CBB6A005FB546 /* Debug */,
				EC1C84C5259CBB6A005FB546 /* Release */,
			);
			defaultConfigurationIsVisible = 0;
			defaultConfigurationName = Release;
		};
		EC1C84C6259CBB6A005FB546 /* Build configuration list for PBXNativeTarget "bigDemo" */ = {
			isa = XCConfigurationList;
			buildConfigurations = (
				EC1C84C7259CBB6A005FB546 /* Debug */,
				EC1C84C8259CBB6A005FB546 /* Release */,
			);
			defaultConfigurationIsVisible = 0;
			defaultConfigurationName = Release;
		};
/* End XCConfigurationList section */

/* Begin XCVersionGroup section */
		EC1C84BB259CBB69005FB546 /* bigDemo.xcdatamodeld */ = {
			isa = XCVersionGroup;
			children = (
				EC1C84BC259CBB69005FB546 /* bigDemo.xcdatamodel */,
			);
			currentVersion = EC1C84BC259CBB69005FB546 /* bigDemo.xcdatamodel */;
			path = bigDemo.xcdatamodeld;
			sourceTree = "<group>";
			versionGroupType = wrapper.xcdatamodel;
		};
/* End XCVersionGroup section */
	};
	rootObject = EC1C84A7259CBB69005FB546 /* Project object */;
}
